dependencies:
- name: pgvector
  repository: https://rh-ai-quickstart.github.io/ai-architecture-charts
  version: 0.5.5
- name: llama-stack
  repository: https://rh-ai-quickstart.github.io/ai-architecture-charts
  version: 0.7.4
- name: minio
  repository: https://rh-ai-quickstart.github.io/ai-architecture-charts
  version: 0.5.5
digest: sha256:eb9d3fc843b5ac7042b909b4cef398feb27cf06f4b82896ce2ebab517bca4e87
generated: "2026-05-12T12:11:16.757323309+02:00"
