dependencies:
- name: pgvector
  repository: https://rh-ai-quickstart.github.io/ai-architecture-charts
  version: 0.5.5
- name: llama-stack
  repository: https://rh-ai-quickstart.github.io/ai-architecture-charts
  version: 0.7.4
- name: mcp-servers
  repository: https://rh-ai-quickstart.github.io/ai-architecture-charts
  version: 0.5.17
digest: sha256:bb8f407af5e66704312044bb78ba25b4b9862bd89170298100418c7049f644b8
generated: "2026-05-27T16:00:45.519478055+03:00"
