dependencies:
- name: pgvector
  repository: https://rh-ai-quickstart.github.io/ai-architecture-charts
  version: 0.5.5
- name: llama-stack
  repository: https://rh-ai-quickstart.github.io/ai-architecture-charts
  version: 0.7.4
digest: sha256:cf4bb1596242817a857773cdc3d153819715b7821beb5f68051815e883b264dd
generated: "2026-05-08T12:39:45.255501604+02:00"
